Microsoft Visual Studio Solution File, Format Version 12.00
# Visual Studio 2012
Project("{FAE04EC0-301F-11D3-BF4B-00C04F79EFBC}") = "WebApplication_GridTest", "WebApplication_GridTest\WebApplication_GridTest.csproj", "{B8D3EA7A-F95C-4875-BB46-3EF2E7D1932A}"
EndProject
Global
	GlobalSection(SolutionConfigurationPlatforms) = preSolution
		Debug|Any CPU = Debug|Any CPU
		Release|Any CPU = Release|Any CPU
	EndGlobalSection
	GlobalSection(ProjectConfigurationPlatforms) = postSolution
		{B8D3EA7A-F95C-4875-BB46-3EF2E7D1932A}.Debug|Any CPU.ActiveCfg = Debug|Any CPU
		{B8D3EA7A-F95C-4875-BB46-3EF2E7D1932A}.Debug|Any CPU.Build.0 = Debug|Any CPU
		{B8D3EA7A-F95C-4875-BB46-3EF2E7D1932A}.Release|Any CPU.ActiveCfg = Release|Any CPU
		{B8D3EA7A-F95C-4875-BB46-3EF2E7D1932A}.Release|Any CPU.Build.0 = Release|Any CPU
	EndGlobalSection
	GlobalSection(SolutionProperties) = preSolution
		HideSolutionNode = FALSE
	EndGlobalSection
EndGlobal
