
Microsoft Visual Studio Solution File, Format Version 12.00
# Visual Studio Version 17
VisualStudioVersion = 17.2.32519.379
MinimumVisualStudioVersion = 10.0.40219.1
Project("{FAE04EC0-301F-11D3-BF4B-00C04F79EFBC}") = "WebApplication_Grid", "WebApplication_Grid\WebApplication_Grid.csproj", "{4092B776-AF92-4AA8-9193-BC83244AB999}"
EndProject
Global
	GlobalSection(SolutionConfigurationPlatforms) = preSolution
		Debug|Any CPU = Debug|Any CPU
		Release|Any CPU = Release|Any CPU
	EndGlobalSection
	GlobalSection(ProjectConfigurationPlatforms) = postSolution
		{4092B776-AF92-4AA8-9193-BC83244AB999}.Debug|Any CPU.ActiveCfg = Debug|Any CPU
		{4092B776-AF92-4AA8-9193-BC83244AB999}.Debug|Any CPU.Build.0 = Debug|Any CPU
		{4092B776-AF92-4AA8-9193-BC83244AB999}.Release|Any CPU.ActiveCfg = Release|Any CPU
		{4092B776-AF92-4AA8-9193-BC83244AB999}.Release|Any CPU.Build.0 = Release|Any CPU
	EndGlobalSection
	GlobalSection(SolutionProperties) = preSolution
		HideSolutionNode = FALSE
	EndGlobalSection
	GlobalSection(ExtensibilityGlobals) = postSolution
		SolutionGuid = {87665D35-E996-4F38-81E7-E57D7B7D2D59}
	EndGlobalSection
EndGlobal
